
Microsoft Visual Studio Solution File, Format Version 12.00
# Visual Studio Version 16
VisualStudioVersion = 16.0.30413.136
MinimumVisualStudioVersion = 10.0.40219.1
Project("{FAE04EC0-301F-11D3-BF4B-00C04F79EFBC}") = "Fornecedores", "Fornecedores.csproj", "{1FB6D3DB-C8EA-420F-9820-507C82F70C95}"
EndProject
Global
	GlobalSection(SolutionConfigurationPlatforms) = preSolution
		Debug|Any CPU = Debug|Any CPU
		Release|Any CPU = Release|Any CPU
	EndGlobalSection
	GlobalSection(ProjectConfigurationPlatforms) = postSolution
		{1FB6D3DB-C8EA-420F-9820-507C82F70C95}.Debug|Any CPU.ActiveCfg = Debug|Any CPU
		{1FB6D3DB-C8EA-420F-9820-507C82F70C95}.Debug|Any CPU.Build.0 = Debug|Any CPU
		{1FB6D3DB-C8EA-420F-9820-507C82F70C95}.Release|Any CPU.ActiveCfg = Release|Any CPU
		{1FB6D3DB-C8EA-420F-9820-507C82F70C95}.Release|Any CPU.Build.0 = Release|Any CPU
	EndGlobalSection
	GlobalSection(SolutionProperties) = preSolution
		HideSolutionNode = FALSE
	EndGlobalSection
	GlobalSection(ExtensibilityGlobals) = postSolution
		SolutionGuid = {BEA65C9D-C0F4-4328-9B28-25C4E411AB61}
	EndGlobalSection
EndGlobal
